
Microsoft Visual Studio Solution File, Format Version 12.00
# Visual Studio Version 17
VisualStudioVersion = 17.0.31903.59
MinimumVisualStudioVersion = 10.0.40219.1
Project("{FAE04EC0-301F-11D3-BF4B-00C04F79EFBC}") = "Tyuiu.DmitrievLR.Sprint6.Task0.V14.Lib", "Tyuiu.DmitrievLR.Sprint6.Task0.V14.Lib\Tyuiu.DmitrievLR.Sprint6.Task0.V14.Lib.csproj", "{BD1CD830-7253-40A4-9593-ABF64F70A07D}"
EndProject
Project("{FAE04EC0-301F-11D3-BF4B-00C04F79EFBC}") = "Tyuiu.DmitrievLR.Sprint6.Task0.V14", "Tyuiu.DmitrievLR.Sprint6.Task0.V14\Tyuiu.DmitrievLR.Sprint6.Task0.V14.csproj", "{5078B597-E1CF-40B0-BABD-8ABB9EE2509C}"
EndProject
Project("{FAE04EC0-301F-11D3-BF4B-00C04F79EFBC}") = "Tyuiu.DmitrievLR.Sprint6.Task0.V14.Test", "Tyuiu.DmitrievLR.Sprint6.Task0.V14.Test\Tyuiu.DmitrievLR.Sprint6.Task0.V14.Test.csproj", "{F77BC421-99F9-4821-971A-A949F203B912}"
EndProject
Project("{FAE04EC0-301F-11D3-BF4B-00C04F79EFBC}") = "Tyuiu.DmitrievLR.Sprint6.Task1.V27.Lib", "Tyuiu.DmitrievLR.Sprint6.Task1.V27.Lib\Tyuiu.DmitrievLR.Sprint6.Task1.V27.Lib.csproj", "{E53120F6-BC28-44F0-B513-4D09D26EA101}"
EndProject
Project("{FAE04EC0-301F-11D3-BF4B-00C04F79EFBC}") = "Tyuiu.DmitrievLR.Sprint6.Task1.V27", "Tyuiu.DmitrievLR.Sprint6.Task1.V27\Tyuiu.DmitrievLR.Sprint6.Task1.V27.csproj", "{0E2157D1-E1A0-43EE-8F4E-2D6463C65884}"
EndProject
Project("{FAE04EC0-301F-11D3-BF4B-00C04F79EFBC}") = "Tyuiu.DmitrievLR.Sprint6.Task1.V27.Test", "Tyuiu.DmitrievLR.Sprint6.Task1.V27.Test\Tyuiu.DmitrievLR.Sprint6.Task1.V27.Test.csproj", "{49E468CE-C47A-44AA-94AD-6186CB08CF57}"
EndProject
Project("{2150E333-8FDC-42A3-9474-1A3956D46DE8}") = "Task0", "Task0", "{1B9A3034-89FA-4EE6-BE5C-E4543B3E6254}"
EndProject
Project("{2150E333-8FDC-42A3-9474-1A3956D46DE8}") = "Task1", "Task1", "{1C3A1CE3-BD4D-4A86-91AF-DFE377BBCC86}"
EndProject
Project("{FAE04EC0-301F-11D3-BF4B-00C04F79EFBC}") = "Tyuiu.DmitrievLR.Sprint6.Task2.V5.Lib", "Tyuiu.DmitrievLR.Sprint6.Task2.V5.Lib\Tyuiu.DmitrievLR.Sprint6.Task2.V5.Lib.csproj", "{F4487761-D265-4C03-8774-03C8E5253E42}"
EndProject
Project("{FAE04EC0-301F-11D3-BF4B-00C04F79EFBC}") = "Tyuiu.DmitrievLR.Sprint6.Task2.V5", "Tyuiu.DmitrievLR.Sprint6.Task2.V5\Tyuiu.DmitrievLR.Sprint6.Task2.V5.csproj", "{4719DE52-03C0-421D-8CD9-5F01CD7F10F9}"
EndProject
Project("{FAE04EC0-301F-11D3-BF4B-00C04F79EFBC}") = "Tyuiu.DmitrievLR.Sprint6.Task2.V5.Test", "Tyuiu.DmitrievLR.Sprint6.Task2.V5.Test\Tyuiu.DmitrievLR.Sprint6.Task2.V5.Test.csproj", "{38D6B4C8-4448-4ECE-9051-A67F8C1FE6E8}"
EndProject
Project("{2150E333-8FDC-42A3-9474-1A3956D46DE8}") = "Task2", "Task2", "{F9C51D96-A026-4077-8367-BC3E54CB5798}"
EndProject
Project("{FAE04EC0-301F-11D3-BF4B-00C04F79EFBC}") = "Tyuiu.DmitrievLR.Sprint6.Task3.V4.Lib", "Tyuiu.DmitrievLR.Sprint6.Task3.V4.Lib\Tyuiu.DmitrievLR.Sprint6.Task3.V4.Lib.csproj", "{3560F7EE-87A5-4D20-BFCD-73A62D872807}"
EndProject
Project("{FAE04EC0-301F-11D3-BF4B-00C04F79EFBC}") = "Tyuiu.DmitrievLR.Sprint6.Task3.V4", "Tyuiu.DmitrievLR.Sprint6.Task3.V4\Tyuiu.DmitrievLR.Sprint6.Task3.V4.csproj", "{56E6CC9F-941A-475D-9836-5DA94F623FC1}"
EndProject
Project("{FAE04EC0-301F-11D3-BF4B-00C04F79EFBC}") = "Tyuiu.DmitrievLR.Sprint6.Task3.V4.Test", "Tyuiu.DmitrievLR.Sprint6.Task3.V4.Test\Tyuiu.DmitrievLR.Sprint6.Task3.V4.Test.csproj", "{11AD2AFB-4950-42CE-B565-9E3CE44C4D8F}"
EndProject
Project("{2150E333-8FDC-42A3-9474-1A3956D46DE8}") = "Task3", "Task3", "{0BB22152-555E-449C-94FC-8148377BD293}"
EndProject
Project("{FAE04EC0-301F-11D3-BF4B-00C04F79EFBC}") = "Tyuiu.DmitrievLR.Sprint6.Task4.V19.Lib", "Tyuiu.DmitrievLR.Sprint6.Task4.V19.Lib\Tyuiu.DmitrievLR.Sprint6.Task4.V19.Lib.csproj", "{8BFFC65D-E4B3-4459-8B82-A30BAB913939}"
EndProject
Project("{FAE04EC0-301F-11D3-BF4B-00C04F79EFBC}") = "Tyuiu.DmitrievLR.Sprint6.Task4.V19", "Tyuiu.DmitrievLR.Sprint6.Task4.V19\Tyuiu.DmitrievLR.Sprint6.Task4.V19.csproj", "{22E82D58-2104-45AF-BE99-1B2A604AD4E4}"
EndProject
Project("{FAE04EC0-301F-11D3-BF4B-00C04F79EFBC}") = "Tyuiu.DmitrievLR.Sprint6.Task4.V19.Test", "Tyuiu.DmitrievLR.Sprint6.Task4.V19.Test\Tyuiu.DmitrievLR.Sprint6.Task4.V19.Test.csproj", "{190DBA20-7903-456A-A280-6B6495D6B4A7}"
EndProject
Project("{2150E333-8FDC-42A3-9474-1A3956D46DE8}") = "Task4", "Task4", "{DA83070B-0A51-4AA7-B6ED-A54ACFD92E3A}"
EndProject
Project("{FAE04EC0-301F-11D3-BF4B-00C04F79EFBC}") = "Tyuiu.DmitrievLR.Sprint6.Task5.V30.Lib", "Tyuiu.DmitrievLR.Sprint6.Task5.V30.Lib\Tyuiu.DmitrievLR.Sprint6.Task5.V30.Lib.csproj", "{B7528F3F-B23B-4528-A8AD-93EFF0947C1E}"
EndProject
Project("{FAE04EC0-301F-11D3-BF4B-00C04F79EFBC}") = "Tyuiu.DmitrievLR.Sprint6.Task5.V30", "Tyuiu.DmitrievLR.Sprint6.Task5.V30\Tyuiu.DmitrievLR.Sprint6.Task5.V30.csproj", "{6E644A7A-3E69-45C9-96F6-E01FD5DADEF6}"
EndProject
Project("{FAE04EC0-301F-11D3-BF4B-00C04F79EFBC}") = "Tyuiu.DmitrievLR.Sprint6.Task5.V30.Test", "Tyuiu.DmitrievLR.Sprint6.Task5.V30.Test\Tyuiu.DmitrievLR.Sprint6.Task5.V30.Test.csproj", "{7199C5EB-BF17-40DA-BCDC-C6AFF1A83819}"
EndProject
Project("{2150E333-8FDC-42A3-9474-1A3956D46DE8}") = "Task5", "Task5", "{F2A35F08-D96C-4AC7-A976-C20C66257B24}"
EndProject
Project("{FAE04EC0-301F-11D3-BF4B-00C04F79EFBC}") = "Tyuiu.DmitrievLR.Sprint6.Task6.V17.Lib", "Tyuiu.DmitrievLR.Sprint6.Task6.V17.Lib\Tyuiu.DmitrievLR.Sprint6.Task6.V17.Lib.csproj", "{E6134091-53AB-4980-A16E-E3BB12E710C6}"
EndProject
Project("{FAE04EC0-301F-11D3-BF4B-00C04F79EFBC}") = "Tyuiu.DmitrievLR.Sprint6.Task6.V17", "Tyuiu.DmitrievLR.Sprint6.Task6.V17\Tyuiu.DmitrievLR.Sprint6.Task6.V17.csproj", "{F36170EF-3F97-4388-83AF-F8BF14B27BEF}"
EndProject
Project("{FAE04EC0-301F-11D3-BF4B-00C04F79EFBC}") = "Tyuiu.DmitrievLR.Sprint6.Task6.V17.Test", "Tyuiu.DmitrievLR.Sprint6.Task6.V17.Test\Tyuiu.DmitrievLR.Sprint6.Task6.V17.Test.csproj", "{AAC4456E-385F-483F-B6C3-5347CC2CD8C6}"
EndProject
Project("{2150E333-8FDC-42A3-9474-1A3956D46DE8}") = "Task6", "Task6", "{6A5103FB-F5D4-4BA4-84FA-E32AFECE71E6}"
EndProject
Project("{FAE04EC0-301F-11D3-BF4B-00C04F79EFBC}") = "Tyuiu.DmitrievLR.Sprint6.Task7.V11.Lib", "Tyuiu.DmitrievLR.Sprint6.Task7.V11.Lib\Tyuiu.DmitrievLR.Sprint6.Task7.V11.Lib.csproj", "{B908A608-7DEE-4982-8677-1CCB3F390004}"
EndProject
Project("{FAE04EC0-301F-11D3-BF4B-00C04F79EFBC}") = "Tyuiu.DmitrievLR.Sprint6.Task7.V11", "Tyuiu.DmitrievLR.Sprint6.Task7.V11\Tyuiu.DmitrievLR.Sprint6.Task7.V11.csproj", "{1E3753A6-0556-4331-9919-BB7D17F175C9}"
EndProject
Project("{FAE04EC0-301F-11D3-BF4B-00C04F79EFBC}") = "Tyuiu.DmitrievLR.Sprint6.Task7.V11.Test", "Tyuiu.DmitrievLR.Sprint6.Task7.V11.Test\Tyuiu.DmitrievLR.Sprint6.Task7.V11.Test.csproj", "{E3917A33-8D92-43F3-992A-42555EEBC9ED}"
EndProject
Project("{2150E333-8FDC-42A3-9474-1A3956D46DE8}") = "Task7", "Task7", "{48B61A9B-9711-4390-936A-1EE74DF783AB}"
EndProject
Global
	GlobalSection(SolutionConfigurationPlatforms) = preSolution
		Debug|Any CPU = Debug|Any CPU
		Release|Any CPU = Release|Any CPU
	EndGlobalSection
	GlobalSection(ProjectConfigurationPlatforms) = postSolution
		{BD1CD830-7253-40A4-9593-ABF64F70A07D}.Debug|Any CPU.ActiveCfg = Debug|Any CPU
		{BD1CD830-7253-40A4-9593-ABF64F70A07D}.Debug|Any CPU.Build.0 = Debug|Any CPU
		{BD1CD830-7253-40A4-9593-ABF64F70A07D}.Release|Any CPU.ActiveCfg = Release|Any CPU
		{BD1CD830-7253-40A4-9593-ABF64F70A07D}.Release|Any CPU.Build.0 = Release|Any CPU
		{5078B597-E1CF-40B0-BABD-8ABB9EE2509C}.Debug|Any CPU.ActiveCfg = Debug|Any CPU
		{5078B597-E1CF-40B0-BABD-8ABB9EE2509C}.Debug|Any CPU.Build.0 = Debug|Any CPU
		{5078B597-E1CF-40B0-BABD-8ABB9EE2509C}.Release|Any CPU.ActiveCfg = Release|Any CPU
		{5078B597-E1CF-40B0-BABD-8ABB9EE2509C}.Release|Any CPU.Build.0 = Release|Any CPU
		{F77BC421-99F9-4821-971A-A949F203B912}.Debug|Any CPU.ActiveCfg = Debug|Any CPU
		{F77BC421-99F9-4821-971A-A949F203B912}.Debug|Any CPU.Build.0 = Debug|Any CPU
		{F77BC421-99F9-4821-971A-A949F203B912}.Release|Any CPU.ActiveCfg = Release|Any CPU
		{F77BC421-99F9-4821-971A-A949F203B912}.Release|Any CPU.Build.0 = Release|Any CPU
		{E53120F6-BC28-44F0-B513-4D09D26EA101}.Debug|Any CPU.ActiveCfg = Debug|Any CPU
		{E53120F6-BC28-44F0-B513-4D09D26EA101}.Debug|Any CPU.Build.0 = Debug|Any CPU
		{E53120F6-BC28-44F0-B513-4D09D26EA101}.Release|Any CPU.ActiveCfg = Release|Any CPU
		{E53120F6-BC28-44F0-B513-4D09D26EA101}.Release|Any CPU.Build.0 = Release|Any CPU
		{0E2157D1-E1A0-43EE-8F4E-2D6463C65884}.Debug|Any CPU.ActiveCfg = Debug|Any CPU
		{0E2157D1-E1A0-43EE-8F4E-2D6463C65884}.Debug|Any CPU.Build.0 = Debug|Any CPU
		{0E2157D1-E1A0-43EE-8F4E-2D6463C65884}.Release|Any CPU.ActiveCfg = Release|Any CPU
		{0E2157D1-E1A0-43EE-8F4E-2D6463C65884}.Release|Any CPU.Build.0 = Release|Any CPU
		{49E468CE-C47A-44AA-94AD-6186CB08CF57}.Debug|Any CPU.ActiveCfg = Debug|Any CPU
		{49E468CE-C47A-44AA-94AD-6186CB08CF57}.Debug|Any CPU.Build.0 = Debug|Any CPU
		{49E468CE-C47A-44AA-94AD-6186CB08CF57}.Release|Any CPU.ActiveCfg = Release|Any CPU
		{49E468CE-C47A-44AA-94AD-6186CB08CF57}.Release|Any CPU.Build.0 = Release|Any CPU
		{F4487761-D265-4C03-8774-03C8E5253E42}.Debug|Any CPU.ActiveCfg = Debug|Any CPU
		{F4487761-D265-4C03-8774-03C8E5253E42}.Debug|Any CPU.Build.0 = Debug|Any CPU
		{F4487761-D265-4C03-8774-03C8E5253E42}.Release|Any CPU.ActiveCfg = Release|Any CPU
		{F4487761-D265-4C03-8774-03C8E5253E42}.Release|Any CPU.Build.0 = Release|Any CPU
		{4719DE52-03C0-421D-8CD9-5F01CD7F10F9}.Debug|Any CPU.ActiveCfg = Debug|Any CPU
		{4719DE52-03C0-421D-8CD9-5F01CD7F10F9}.Debug|Any CPU.Build.0 = Debug|Any CPU
		{4719DE52-03C0-421D-8CD9-5F01CD7F10F9}.Release|Any CPU.ActiveCfg = Release|Any CPU
		{4719DE52-03C0-421D-8CD9-5F01CD7F10F9}.Release|Any CPU.Build.0 = Release|Any CPU
		{38D6B4C8-4448-4ECE-9051-A67F8C1FE6E8}.Debug|Any CPU.ActiveCfg = Debug|Any CPU
		{38D6B4C8-4448-4ECE-9051-A67F8C1FE6E8}.Debug|Any CPU.Build.0 = Debug|Any CPU
		{38D6B4C8-4448-4ECE-9051-A67F8C1FE6E8}.Release|Any CPU.ActiveCfg = Release|Any CPU
		{38D6B4C8-4448-4ECE-9051-A67F8C1FE6E8}.Release|Any CPU.Build.0 = Release|Any CPU
		{3560F7EE-87A5-4D20-BFCD-73A62D872807}.Debug|Any CPU.ActiveCfg = Debug|Any CPU
		{3560F7EE-87A5-4D20-BFCD-73A62D872807}.Debug|Any CPU.Build.0 = Debug|Any CPU
		{3560F7EE-87A5-4D20-BFCD-73A62D872807}.Release|Any CPU.ActiveCfg = Release|Any CPU
		{3560F7EE-87A5-4D20-BFCD-73A62D872807}.Release|Any CPU.Build.0 = Release|Any CPU
		{56E6CC9F-941A-475D-9836-5DA94F623FC1}.Debug|Any CPU.ActiveCfg = Debug|Any CPU
		{56E6CC9F-941A-475D-9836-5DA94F623FC1}.Debug|Any CPU.Build.0 = Debug|Any CPU
		{56E6CC9F-941A-475D-9836-5DA94F623FC1}.Release|Any CPU.ActiveCfg = Release|Any CPU
		{56E6CC9F-941A-475D-9836-5DA94F623FC1}.Release|Any CPU.Build.0 = Release|Any CPU
		{11AD2AFB-4950-42CE-B565-9E3CE44C4D8F}.Debug|Any CPU.ActiveCfg = Debug|Any CPU
		{11AD2AFB-4950-42CE-B565-9E3CE44C4D8F}.Debug|Any CPU.Build.0 = Debug|Any CPU
		{11AD2AFB-4950-42CE-B565-9E3CE44C4D8F}.Release|Any CPU.ActiveCfg = Release|Any CPU
		{11AD2AFB-4950-42CE-B565-9E3CE44C4D8F}.Release|Any CPU.Build.0 = Release|Any CPU
		{8BFFC65D-E4B3-4459-8B82-A30BAB913939}.Debug|Any CPU.ActiveCfg = Debug|Any CPU
		{8BFFC65D-E4B3-4459-8B82-A30BAB913939}.Debug|Any CPU.Build.0 = Debug|Any CPU
		{8BFFC65D-E4B3-4459-8B82-A30BAB913939}.Release|Any CPU.ActiveCfg = Release|Any CPU
		{8BFFC65D-E4B3-4459-8B82-A30BAB913939}.Release|Any CPU.Build.0 = Release|Any CPU
		{22E82D58-2104-45AF-BE99-1B2A604AD4E4}.Debug|Any CPU.ActiveCfg = Debug|Any CPU
		{22E82D58-2104-45AF-BE99-1B2A604AD4E4}.Debug|Any CPU.Build.0 = Debug|Any CPU
		{22E82D58-2104-45AF-BE99-1B2A604AD4E4}.Release|Any CPU.ActiveCfg = Release|Any CPU
		{22E82D58-2104-45AF-BE99-1B2A604AD4E4}.Release|Any CPU.Build.0 = Release|Any CPU
		{190DBA20-7903-456A-A280-6B6495D6B4A7}.Debug|Any CPU.ActiveCfg = Debug|Any CPU
		{190DBA20-7903-456A-A280-6B6495D6B4A7}.Debug|Any CPU.Build.0 = Debug|Any CPU
		{190DBA20-7903-456A-A280-6B6495D6B4A7}.Release|Any CPU.ActiveCfg = Release|Any CPU
		{190DBA20-7903-456A-A280-6B6495D6B4A7}.Release|Any CPU.Build.0 = Release|Any CPU
		{B7528F3F-B23B-4528-A8AD-93EFF0947C1E}.Debug|Any CPU.ActiveCfg = Debug|Any CPU
		{B7528F3F-B23B-4528-A8AD-93EFF0947C1E}.Debug|Any CPU.Build.0 = Debug|Any CPU
		{B7528F3F-B23B-4528-A8AD-93EFF0947C1E}.Release|Any CPU.ActiveCfg = Release|Any CPU
		{B7528F3F-B23B-4528-A8AD-93EFF0947C1E}.Release|Any CPU.Build.0 = Release|Any CPU
		{6E644A7A-3E69-45C9-96F6-E01FD5DADEF6}.Debug|Any CPU.ActiveCfg = Debug|Any CPU
		{6E644A7A-3E69-45C9-96F6-E01FD5DADEF6}.Debug|Any CPU.Build.0 = Debug|Any CPU
		{6E644A7A-3E69-45C9-96F6-E01FD5DADEF6}.Release|Any CPU.ActiveCfg = Release|Any CPU
		{6E644A7A-3E69-45C9-96F6-E01FD5DADEF6}.Release|Any CPU.Build.0 = Release|Any CPU
		{7199C5EB-BF17-40DA-BCDC-C6AFF1A83819}.Debug|Any CPU.ActiveCfg = Debug|Any CPU
		{7199C5EB-BF17-40DA-BCDC-C6AFF1A83819}.Debug|Any CPU.Build.0 = Debug|Any CPU
		{7199C5EB-BF17-40DA-BCDC-C6AFF1A83819}.Release|Any CPU.ActiveCfg = Release|Any CPU
		{7199C5EB-BF17-40DA-BCDC-C6AFF1A83819}.Release|Any CPU.Build.0 = Release|Any CPU
		{E6134091-53AB-4980-A16E-E3BB12E710C6}.Debug|Any CPU.ActiveCfg = Debug|Any CPU
		{E6134091-53AB-4980-A16E-E3BB12E710C6}.Debug|Any CPU.Build.0 = Debug|Any CPU
		{E6134091-53AB-4980-A16E-E3BB12E710C6}.Release|Any CPU.ActiveCfg = Release|Any CPU
		{E6134091-53AB-4980-A16E-E3BB12E710C6}.Release|Any CPU.Build.0 = Release|Any CPU
		{F36170EF-3F97-4388-83AF-F8BF14B27BEF}.Debug|Any CPU.ActiveCfg = Debug|Any CPU
		{F36170EF-3F97-4388-83AF-F8BF14B27BEF}.Debug|Any CPU.Build.0 = Debug|Any CPU
		{F36170EF-3F97-4388-83AF-F8BF14B27BEF}.Release|Any CPU.ActiveCfg = Release|Any CPU
		{F36170EF-3F97-4388-83AF-F8BF14B27BEF}.Release|Any CPU.Build.0 = Release|Any CPU
		{AAC4456E-385F-483F-B6C3-5347CC2CD8C6}.Debug|Any CPU.ActiveCfg = Debug|Any CPU
		{AAC4456E-385F-483F-B6C3-5347CC2CD8C6}.Debug|Any CPU.Build.0 = Debug|Any CPU
		{AAC4456E-385F-483F-B6C3-5347CC2CD8C6}.Release|Any CPU.ActiveCfg = Release|Any CPU
		{AAC4456E-385F-483F-B6C3-5347CC2CD8C6}.Release|Any CPU.Build.0 = Release|Any CPU
		{B908A608-7DEE-4982-8677-1CCB3F390004}.Debug|Any CPU.ActiveCfg = Debug|Any CPU
		{B908A608-7DEE-4982-8677-1CCB3F390004}.Debug|Any CPU.Build.0 = Debug|Any CPU
		{B908A608-7DEE-4982-8677-1CCB3F390004}.Release|Any CPU.ActiveCfg = Release|Any CPU
		{B908A608-7DEE-4982-8677-1CCB3F390004}.Release|Any CPU.Build.0 = Release|Any CPU
		{1E3753A6-0556-4331-9919-BB7D17F175C9}.Debug|Any CPU.ActiveCfg = Debug|Any CPU
		{1E3753A6-0556-4331-9919-BB7D17F175C9}.Debug|Any CPU.Build.0 = Debug|Any CPU
		{1E3753A6-0556-4331-9919-BB7D17F175C9}.Release|Any CPU.ActiveCfg = Release|Any CPU
		{1E3753A6-0556-4331-9919-BB7D17F175C9}.Release|Any CPU.Build.0 = Release|Any CPU
		{E3917A33-8D92-43F3-992A-42555EEBC9ED}.Debug|Any CPU.ActiveCfg = Debug|Any CPU
		{E3917A33-8D92-43F3-992A-42555EEBC9ED}.Debug|Any CPU.Build.0 = Debug|Any CPU
		{E3917A33-8D92-43F3-992A-42555EEBC9ED}.Release|Any CPU.ActiveCfg = Release|Any CPU
		{E3917A33-8D92-43F3-992A-42555EEBC9ED}.Release|Any CPU.Build.0 = Release|Any CPU
	EndGlobalSection
	GlobalSection(SolutionProperties) = preSolution
		HideSolutionNode = FALSE
	EndGlobalSection
	GlobalSection(NestedProjects) = preSolution
		{BD1CD830-7253-40A4-9593-ABF64F70A07D} = {1B9A3034-89FA-4EE6-BE5C-E4543B3E6254}
		{5078B597-E1CF-40B0-BABD-8ABB9EE2509C} = {1B9A3034-89FA-4EE6-BE5C-E4543B3E6254}
		{F77BC421-99F9-4821-971A-A949F203B912} = {1B9A3034-89FA-4EE6-BE5C-E4543B3E6254}
		{E53120F6-BC28-44F0-B513-4D09D26EA101} = {1C3A1CE3-BD4D-4A86-91AF-DFE377BBCC86}
		{0E2157D1-E1A0-43EE-8F4E-2D6463C65884} = {1C3A1CE3-BD4D-4A86-91AF-DFE377BBCC86}
		{49E468CE-C47A-44AA-94AD-6186CB08CF57} = {1C3A1CE3-BD4D-4A86-91AF-DFE377BBCC86}
		{F4487761-D265-4C03-8774-03C8E5253E42} = {F9C51D96-A026-4077-8367-BC3E54CB5798}
		{4719DE52-03C0-421D-8CD9-5F01CD7F10F9} = {F9C51D96-A026-4077-8367-BC3E54CB5798}
		{38D6B4C8-4448-4ECE-9051-A67F8C1FE6E8} = {F9C51D96-A026-4077-8367-BC3E54CB5798}
		{3560F7EE-87A5-4D20-BFCD-73A62D872807} = {0BB22152-555E-449C-94FC-8148377BD293}
		{56E6CC9F-941A-475D-9836-5DA94F623FC1} = {0BB22152-555E-449C-94FC-8148377BD293}
		{11AD2AFB-4950-42CE-B565-9E3CE44C4D8F} = {0BB22152-555E-449C-94FC-8148377BD293}
		{8BFFC65D-E4B3-4459-8B82-A30BAB913939} = {DA83070B-0A51-4AA7-B6ED-A54ACFD92E3A}
		{22E82D58-2104-45AF-BE99-1B2A604AD4E4} = {DA83070B-0A51-4AA7-B6ED-A54ACFD92E3A}
		{190DBA20-7903-456A-A280-6B6495D6B4A7} = {DA83070B-0A51-4AA7-B6ED-A54ACFD92E3A}
		{B7528F3F-B23B-4528-A8AD-93EFF0947C1E} = {F2A35F08-D96C-4AC7-A976-C20C66257B24}
		{6E644A7A-3E69-45C9-96F6-E01FD5DADEF6} = {F2A35F08-D96C-4AC7-A976-C20C66257B24}
		{7199C5EB-BF17-40DA-BCDC-C6AFF1A83819} = {F2A35F08-D96C-4AC7-A976-C20C66257B24}
		{E6134091-53AB-4980-A16E-E3BB12E710C6} = {6A5103FB-F5D4-4BA4-84FA-E32AFECE71E6}
		{F36170EF-3F97-4388-83AF-F8BF14B27BEF} = {6A5103FB-F5D4-4BA4-84FA-E32AFECE71E6}
		{AAC4456E-385F-483F-B6C3-5347CC2CD8C6} = {6A5103FB-F5D4-4BA4-84FA-E32AFECE71E6}
		{B908A608-7DEE-4982-8677-1CCB3F390004} = {48B61A9B-9711-4390-936A-1EE74DF783AB}
		{1E3753A6-0556-4331-9919-BB7D17F175C9} = {48B61A9B-9711-4390-936A-1EE74DF783AB}
		{E3917A33-8D92-43F3-992A-42555EEBC9ED} = {48B61A9B-9711-4390-936A-1EE74DF783AB}
	EndGlobalSection
EndGlobal
